{
  "version": "5",
  "specifiers": {
    "jsr:@std/bytes@^1.0.6": "1.0.6",
    "jsr:@std/collections@^1.1.6": "1.1.6",
    "jsr:@std/fs@^1.0.23": "1.0.23",
    "jsr:@std/internal@^1.0.12": "1.0.12",
    "jsr:@std/media-types@^1.1.0": "1.1.0",
    "jsr:@std/path@^1.1.4": "1.1.4",
    "jsr:@std/regexp@^1.0.1": "1.0.1",
    "jsr:@std/streams@^1.0.17": "1.0.17",
    "jsr:@std/text@^1.0.17": "1.0.17",
    "jsr:@std/yaml@^1.0.12": "1.0.12",
    "npm:@graphql-tools/utils@11": "11.0.0_graphql@16.13.0",
    "npm:@types/pluralize@^0.0.33": "0.0.33",
    "npm:@types/swagger-ui-dist@^3.30.6": "3.30.6",
    "npm:graphql-relay@~0.10.2": "0.10.2_graphql@16.13.0",
    "npm:graphql-scalars@^1.25.0": "1.25.0_graphql@16.13.0",
    "npm:graphql-yoga@^5.18.0": "5.18.0_graphql@16.13.0",
    "npm:graphql@^16.13.0": "16.13.0",
    "npm:gray-matter@^4.0.3": "4.0.3",
    "npm:openapi-backend@^5.16.1": "5.16.1",
    "npm:openapi-types@^12.1.3": "12.1.3",
    "npm:pluralize@8": "8.0.0",
    "npm:swagger-ui-dist@^5.32.1": "5.32.1"
  },
  "jsr": {
    "@std/bytes@1.0.6": {
      "integrity": "f6ac6adbd8ccd99314045f5703e23af0a68d7f7e58364b47d2c7f408aeb5820a"
    },
    "@std/collections@1.1.6": {
      "integrity": "b458160ce65ea5ad35da05d0a5cbee4b583677c8b443a10d7beb0c4ac63f2baa"
    },
    "@std/fs@1.0.23": {
      "integrity": "3ecbae4ce4fee03b180fa710caff36bb5adb66631c46a6460aaad49515565a37",
      "dependencies": [
        "jsr:@std/internal",
        "jsr:@std/path"
      ]
    },
    "@std/internal@1.0.12": {
      "integrity": "972a634fd5bc34b242024402972cd5143eac68d8dffaca5eaa4dba30ce17b027"
    },
    "@std/media-types@1.1.0": {
      "integrity": "c9d093f0c05c3512932b330e3cc1fe1d627b301db33a4c2c2185c02471d6eaa4"
    },
    "@std/path@1.1.4": {
      "integrity": "1d2d43f39efb1b42f0b1882a25486647cb851481862dc7313390b2bb044314b5",
      "dependencies": [
        "jsr:@std/internal"
      ]
    },
    "@std/regexp@1.0.1": {
      "integrity": "5179d823465085c5480dafb44438466e83c424fadc61ba31f744050ecc0f596d"
    },
    "@std/streams@1.0.17": {
      "integrity": "7859f3d9deed83cf4b41f19223d4a67661b3d3819e9fc117698f493bf5992140",
      "dependencies": [
        "jsr:@std/bytes"
      ]
    },
    "@std/text@1.0.17": {
      "integrity": "4b2c4ef67ae5b6c1dfd447c81c83a43718f52e3c7e748d8b33f694aba9895f95",
      "dependencies": [
        "jsr:@std/regexp"
      ]
    },
    "@std/yaml@1.0.12": {
      "integrity": "7deabca4545bcedd07c5f69ea53acea71b8b4c67562f224e17b90d75944cb20c"
    }
  },
  "npm": {
    "@apidevtools/json-schema-ref-parser@11.9.3": {
      "integrity": "sha512-60vepv88RwcJtSHrD6MjIL6Ta3SOYbgfnkHb+ppAVK+o9mXprRtulx7VlRl3lN3bbvysAfCS7WMVfhUYemB0IQ==",
      "dependencies": [
        "@jsdevtools/ono",
        "@types/json-schema",
        "js-yaml@4.1.1"
      ]
    },
    "@envelop/core@5.5.1": {
      "integrity": "sha512-3DQg8sFskDo386TkL5j12jyRAdip/8yzK3x7YGbZBgobZ4aKXrvDU0GppU0SnmrpQnNaiTUsxBs9LKkwQ/eyvw==",
      "dependencies": [
        "@envelop/instrumentation",
        "@envelop/types",
        "@whatwg-node/promise-helpers",
        "tslib"
      ]
    },
    "@envelop/instrumentation@1.0.0": {
      "integrity": "sha512-cxgkB66RQB95H3X27jlnxCRNTmPuSTgmBAq6/4n2Dtv4hsk4yz8FadA1ggmd0uZzvKqWD6CR+WFgTjhDqg7eyw==",
      "dependencies": [
        "@whatwg-node/promise-helpers",
        "tslib"
      ]
    },
    "@envelop/types@5.2.1": {
      "integrity": "sha512-CsFmA3u3c2QoLDTfEpGr4t25fjMU31nyvse7IzWTvb0ZycuPjMjb0fjlheh+PbhBYb9YLugnT2uY6Mwcg1o+Zg==",
      "dependencies": [
        "@whatwg-node/promise-helpers",
        "tslib"
      ]
    },
    "@fastify/busboy@3.2.0": {
      "integrity": "sha512-m9FVDXU3GT2ITSe0UaMA5rU3QkfC/UXtCU8y0gSN/GugTqtVldOBWIB5V6V3sbmenVZUIpU6f+mPEO2+m5iTaA=="
    },
    "@graphql-tools/executor@1.5.1_graphql@16.13.0": {
      "integrity": "sha512-n94Qcu875Mji9GQ52n5UbgOTxlgvFJicBPYD+FRks9HKIQpdNPjkkrKZUYNG51XKa+bf03rxNflm4+wXhoHHrA==",
      "dependencies": [
        "@graphql-tools/utils@11.0.0_graphql@16.13.0",
        "@graphql-typed-document-node/core",
        "@repeaterjs/repeater",
        "@whatwg-node/disposablestack",
        "@whatwg-node/promise-helpers",
        "graphql",
        "tslib"
      ]
    },
    "@graphql-tools/merge@9.1.7_graphql@16.13.0": {
      "integrity": "sha512-Y5E1vTbTabvcXbkakdFUt4zUIzB1fyaEnVmIWN0l0GMed2gdD01TpZWLUm4RNAxpturvolrb24oGLQrBbPLSoQ==",
      "dependencies": [
        "@graphql-tools/utils@11.0.0_graphql@16.13.0",
        "graphql",
        "tslib"
      ]
    },
    "@graphql-tools/schema@10.0.31_graphql@16.13.0": {
      "integrity": "sha512-ZewRgWhXef6weZ0WiP7/MV47HXiuFbFpiDUVLQl6mgXsWSsGELKFxQsyUCBos60Qqy1JEFAIu3Ns6GGYjGkqkQ==",
      "dependencies": [
        "@graphql-tools/merge",
        "@graphql-tools/utils@11.0.0_graphql@16.13.0",
        "graphql",
        "tslib"
      ]
    },
    "@graphql-tools/utils@10.11.0_graphql@16.13.0": {
      "integrity": "sha512-iBFR9GXIs0gCD+yc3hoNswViL1O5josI33dUqiNStFI/MHLCEPduasceAcazRH77YONKNiviHBV8f7OgcT4o2Q==",
      "dependencies": [
        "@graphql-typed-document-node/core",
        "@whatwg-node/promise-helpers",
        "cross-inspect",
        "graphql",
        "tslib"
      ]
    },
    "@graphql-tools/utils@11.0.0_graphql@16.13.0": {
      "integrity": "sha512-bM1HeZdXA2C3LSIeLOnH/bcqSgbQgKEDrjxODjqi3y58xai2TkNrtYcQSoWzGbt9VMN1dORGjR7Vem8SPnUFQA==",
      "dependencies": [
        "@graphql-typed-document-node/core",
        "@whatwg-node/promise-helpers",
        "cross-inspect",
        "graphql",
        "tslib"
      ]
    },
    "@graphql-typed-document-node/core@3.2.0_graphql@16.13.0": {
      "integrity": "sha512-mB9oAsNCm9aM3/SOv4YtBMqZbYj10R7dkq8byBqxGY/ncFwhf2oQzMV+LCRlWoDSEBJ3COiR1yeDvMtsoOsuFQ==",
      "dependencies": [
        "graphql"
      ]
    },
    "@graphql-yoga/logger@2.0.1": {
      "integrity": "sha512-Nv0BoDGLMg9QBKy9cIswQ3/6aKaKjlTh87x3GiBg2Z4RrjyrM48DvOOK0pJh1C1At+b0mUIM67cwZcFTDLN4sA==",
      "dependencies": [
        "tslib"
      ]
    },
    "@graphql-yoga/subscription@5.0.5": {
      "integrity": "sha512-oCMWOqFs6QV96/NZRt/ZhTQvzjkGB4YohBOpKM4jH/lDT4qb7Lex/aGCxpi/JD9njw3zBBtMqxbaC22+tFHVvw==",
      "dependencies": [
        "@graphql-yoga/typed-event-target",
        "@repeaterjs/repeater",
        "@whatwg-node/events",
        "tslib"
      ]
    },
    "@graphql-yoga/typed-event-target@3.0.2": {
      "integrity": "sha512-ZpJxMqB+Qfe3rp6uszCQoag4nSw42icURnBRfFYSOmTgEeOe4rD0vYlbA8spvCu2TlCesNTlEN9BLWtQqLxabA==",
      "dependencies": [
        "@repeaterjs/repeater",
        "tslib"
      ]
    },
    "@jsdevtools/ono@7.1.3": {
      "integrity": "sha512-4JQNk+3mVzK3xh2rqd6RB4J46qUR19azEHBneZyTZM+c456qOrbbM/5xcR8huNCCcbVt7+UmizG6GuUvPvKUYg=="
    },
    "@repeaterjs/repeater@3.0.6": {
      "integrity": "sha512-Javneu5lsuhwNCryN+pXH93VPQ8g0dBX7wItHFgYiwQmzE1sVdg5tWHiOgHywzL2W21XQopa7IwIEnNbmeUJYA=="
    },
    "@scarf/scarf@1.4.0": {
      "integrity": "sha512-xxeapPiUXdZAE3che6f3xogoJPeZgig6omHEy1rIY5WVsB3H2BHNnZH+gHG6x91SCWyQCzWGsuL2Hh3ClO5/qQ==",
      "scripts": true
    },
    "@types/json-schema@7.0.15": {
      "integrity": "sha512-5+fP8P8MFNC+AyZCDxrB2pkZFPGzqQWUzpSeuuVLvm8VMcorNYavBqoFcxK8bQz4Qsbn4oUEEem4wDLfcysGHA=="
    },
    "@types/pluralize@0.0.33": {
      "integrity": "sha512-JOqsl+ZoCpP4e8TDke9W79FDcSgPAR0l6pixx2JHkhnRjvShyYiAYw2LVsnA7K08Y6DeOnaU6ujmENO4os/cYg=="
    },
    "@types/swagger-ui-dist@3.30.6": {
      "integrity": "sha512-FVxN7wjLYRtJsZBscOcOcf8oR++m38vbUFjT33Mr9HBuasX9bRDrJsp7iwixcOtKSHEEa2B7o2+4wEiXqC+Ebw=="
    },
    "@whatwg-node/disposablestack@0.0.6": {
      "integrity": "sha512-LOtTn+JgJvX8WfBVJtF08TGrdjuFzGJc4mkP8EdDI8ADbvO7kiexYep1o8dwnt0okb0jYclCDXF13xU7Ge4zSw==",
      "dependencies": [
        "@whatwg-node/promise-helpers",
        "tslib"
      ]
    },
    "@whatwg-node/events@0.1.2": {
      "integrity": "sha512-ApcWxkrs1WmEMS2CaLLFUEem/49erT3sxIVjpzU5f6zmVcnijtDSrhoK2zVobOIikZJdH63jdAXOrvjf6eOUNQ==",
      "dependencies": [
        "tslib"
      ]
    },
    "@whatwg-node/fetch@0.10.13": {
      "integrity": "sha512-b4PhJ+zYj4357zwk4TTuF2nEe0vVtOrwdsrNo5hL+u1ojXNhh1FgJ6pg1jzDlwlT4oBdzfSwaBwMCtFCsIWg8Q==",
      "dependencies": [
        "@whatwg-node/node-fetch",
        "urlpattern-polyfill"
      ]
    },
    "@whatwg-node/node-fetch@0.8.5": {
      "integrity": "sha512-4xzCl/zphPqlp9tASLVeUhB5+WJHbuWGYpfoC2q1qh5dw0AqZBW7L27V5roxYWijPxj4sspRAAoOH3d2ztaHUQ==",
      "dependencies": [
        "@fastify/busboy",
        "@whatwg-node/disposablestack",
        "@whatwg-node/promise-helpers",
        "tslib"
      ]
    },
    "@whatwg-node/promise-helpers@1.3.2": {
      "integrity": "sha512-Nst5JdK47VIl9UcGwtv2Rcgyn5lWtZ0/mhRQ4G8NN2isxpq2TO30iqHzmwoJycjWuyUfg3GFXqP/gFHXeV57IA==",
      "dependencies": [
        "tslib"
      ]
    },
    "@whatwg-node/server@0.10.18": {
      "integrity": "sha512-kMwLlxUbduttIgaPdSkmEarFpP+mSY8FEm+QWMBRJwxOHWkri+cxd8KZHO9EMrB9vgUuz+5WEaCawaL5wGVoXg==",
      "dependencies": [
        "@envelop/instrumentation",
        "@whatwg-node/disposablestack",
        "@whatwg-node/fetch",
        "@whatwg-node/promise-helpers",
        "tslib"
      ]
    },
    "ajv-formats@2.1.1_ajv@8.18.0": {
      "integrity": "sha512-Wx0Kx52hxE7C18hkMEggYlEifqWZtYaRgouJor+WMdPnQyEK13vgEWyVNup7SoeeoLMsr4kf5h6dOW11I15MUA==",
      "dependencies": [
        "ajv"
      ],
      "optionalPeers": [
        "ajv"
      ]
    },
    "ajv@8.18.0": {
      "integrity": "sha512-PlXPeEWMXMZ7sPYOHqmDyCJzcfNrUr3fGNKtezX14ykXOEIvyK81d+qydx89KY5O71FKMPaQ2vBfBFI5NHR63A==",
      "dependencies": [
        "fast-deep-equal",
        "fast-uri",
        "json-schema-traverse",
        "require-from-string"
      ]
    },
    "argparse@1.0.10": {
      "integrity": "sha512-o5Roy6tNG4SL/FOkCAN6RzjiakZS25RLYFrcMttJqbdd8BWrnA+fGz57iN5Pb06pvBGvl5gQ0B48dJlslXvoTg==",
      "dependencies": [
        "sprintf-js"
      ]
    },
    "argparse@2.0.1": {
      "integrity": "sha512-8+9WqebbFzpX9OR+Wa6O29asIogeRMzcGtAINdpMHHyAg10f05aSFVBbcEqGf/PXw1EjAZ+q2/bEBg3DvurK3Q=="
    },
    "bath-es5@3.0.3": {
      "integrity": "sha512-PdCioDToH3t84lP40kUFCKWCOCH389Dl1kbC8FGoqOwamxsmqxxnJSXdkTOsPoNHXjem4+sJ+bbNoQm5zeCqxg=="
    },
    "call-bind-apply-helpers@1.0.2": {
      "integrity": "sha512-Sp1ablJ0ivDkSzjcaJdxEunN5/XvksFJ2sMBFfq6x0ryhQV/2b/KwFe21cMpmHtPOSij8K99/wSfoEuTObmuMQ==",
      "dependencies": [
        "es-errors",
        "function-bind"
      ]
    },
    "call-bound@1.0.4": {
      "integrity": "sha512-+ys997U96po4Kx/ABpBCqhA9EuxJaQWDQg7295H4hBphv3IZg0boBKuwYpt4YXp6MZ5AmZQnU/tyMTlRpaSejg==",
      "dependencies": [
        "call-bind-apply-helpers",
        "get-intrinsic"
      ]
    },
    "cookie@1.1.1": {
      "integrity": "sha512-ei8Aos7ja0weRpFzJnEA9UHJ/7XQmqglbRwnf2ATjcB9Wq874VKH9kfjjirM6UhU2/E5fFYadylyhFldcqSidQ=="
    },
    "cross-inspect@1.0.1": {
      "integrity": "sha512-Pcw1JTvZLSJH83iiGWt6fRcT+BjZlCDRVwYLbUcHzv/CRpB7r0MlSrGbIyQvVSNyGnbt7G4AXuyCiDR3POvZ1A==",
      "dependencies": [
        "tslib"
      ]
    },
    "dereference-json-schema@0.2.2": {
      "integrity": "sha512-w8dUsJyrzH4Zsj8W/tKcjLsmcTKXfdNf+n3BBm1SAfnqpaCodgEUWqQGJ+pNb9NOqPwYMGvUnZZ8nQfeFjJlbQ=="
    },
    "dunder-proto@1.0.1": {
      "integrity": "sha512-KIN/nDJBQRcXw0MLVhZE9iQHmG68qAVIBg9CqmUYjmQIhgij9U5MFvrqkUL5FbtyyzZuOeOt0zdeRe4UY7ct+A==",
      "dependencies": [
        "call-bind-apply-helpers",
        "es-errors",
        "gopd"
      ]
    },
    "es-define-property@1.0.1": {
      "integrity": "sha512-e3nRfgfUZ4rNGL232gUgX06QNyyez04KdjFrF+LTRoOXmrOgFKDg4BCdsjW8EnT69eqdYGmRpJwiPVYNrCaW3g=="
    },
    "es-errors@1.3.0": {
      "integrity": "sha512-Zf5H2Kxt2xjTvbJvP2ZWLEICxA6j+hAmMzIlypy4xcBg1vKVnx89Wy0GbS+kf5cwCVFFzdCFh2XSCFNULS6csw=="
    },
    "es-object-atoms@1.1.1": {
      "integrity": "sha512-FGgH2h8zKNim9ljj7dankFPcICIK9Cp5bm+c2gQSYePhpaG5+esrLODihIorn+Pe6FGJzWhXQotPv73jTaldXA==",
      "dependencies": [
        "es-errors"
      ]
    },
    "esprima@4.0.1": {
      "integrity": "sha512-eGuFFw7Upda+g4p+QHvnW0RyTX/SVeJBDM/gCtMARO0cLuT2HcEKnTPvhjV6aGeqrCB/sbNop0Kszm0jsaWU4A==",
      "bin": true
    },
    "extend-shallow@2.0.1": {
      "integrity": "sha512-zCnTtlxNoAiDc3gqY2aYAWFx7XWWiasuF2K8Me5WbN8otHKTUKBwjPtNpRs/rbUZm7KxWAaNj7P1a/p52GbVug==",
      "dependencies": [
        "is-extendable"
      ]
    },
    "fast-deep-equal@3.1.3": {
      "integrity": "sha512-f3qQ9oQy9j2AhBe/H9VC91wLmKBCCU/gDOnKNAYG5hswO7BLKj09Hc5HYNz9cGI++xlpDCIgDaitVs03ATR84Q=="
    },
    "fast-uri@3.1.0": {
      "integrity": "sha512-iPeeDKJSWf4IEOasVVrknXpaBV0IApz/gp7S2bb7Z4Lljbl2MGJRqInZiUrQwV16cpzw/D3S5j5Julj/gT52AA=="
    },
    "function-bind@1.1.2": {
      "integrity": "sha512-7XHNxH7qX9xG5mIwxkhumTox/MIRNcOgDrxWsMt2pAr23WHp6MrRlN7FBSFpCpr+oVO0F744iUgR82nJMfG2SA=="
    },
    "get-intrinsic@1.3.0": {
      "integrity": "sha512-9fSjSaos/fRIVIp+xSJlE6lfwhES7LNtKaCBIamHsjr2na1BiABJPo0mOjjz8GJDURarmCPGqaiVg5mfjb98CQ==",
      "dependencies": [
        "call-bind-apply-helpers",
        "es-define-property",
        "es-errors",
        "es-object-atoms",
        "function-bind",
        "get-proto",
        "gopd",
        "has-symbols",
        "hasown",
        "math-intrinsics"
      ]
    },
    "get-proto@1.0.1": {
      "integrity": "sha512-sTSfBjoXBp89JvIKIefqw7U2CCebsc74kiY6awiGogKtoSGbgjYE/G/+l9sF3MWFPNc9IcoOC4ODfKHfxFmp0g==",
      "dependencies": [
        "dunder-proto",
        "es-object-atoms"
      ]
    },
    "gopd@1.2.0": {
      "integrity": "sha512-ZUKRh6/kUFoAiTAtTYPZJ3hw9wNxx+BIBOijnlG9PnrJsCcSjs1wyyD6vJpaYtgnzDrKYRSqf3OO6Rfa93xsRg=="
    },
    "graphql-relay@0.10.2_graphql@16.13.0": {
      "integrity": "sha512-abybva1hmlNt7Y9pMpAzHuFnM2Mme/a2Usd8S4X27fNteLGRAECMYfhmsrpZFvGn3BhmBZugMXYW/Mesv3P1Kw==",
      "dependencies": [
        "graphql"
      ]
    },
    "graphql-scalars@1.25.0_graphql@16.13.0": {
      "integrity": "sha512-b0xyXZeRFkne4Eq7NAnL400gStGqG/Sx9VqX0A05nHyEbv57UJnWKsjNnrpVqv5e/8N1MUxkt0wwcRXbiyKcFg==",
      "dependencies": [
        "graphql",
        "tslib"
      ]
    },
    "graphql-yoga@5.18.0_graphql@16.13.0": {
      "integrity": "sha512-xFt1DVXS1BZ3AvjnawAGc5OYieSe56WuQuyk3iEpBwJ3QDZJWQGLmU9z/L5NUZ+pUcyprsz/bOwkYIV96fXt/g==",
      "dependencies": [
        "@envelop/core",
        "@envelop/instrumentation",
        "@graphql-tools/executor",
        "@graphql-tools/schema",
        "@graphql-tools/utils@10.11.0_graphql@16.13.0",
        "@graphql-yoga/logger",
        "@graphql-yoga/subscription",
        "@whatwg-node/fetch",
        "@whatwg-node/promise-helpers",
        "@whatwg-node/server",
        "graphql",
        "lru-cache",
        "tslib"
      ]
    },
    "graphql@16.13.0": {
      "integrity": "sha512-uSisMYERbaB9bkA9M4/4dnqyktaEkf1kMHNKq/7DHyxVeWqHQ2mBmVqm5u6/FVHwF3iCNalKcg82Zfl+tffWoA=="
    },
    "gray-matter@4.0.3": {
      "integrity": "sha512-5v6yZd4JK3eMI3FqqCouswVqwugaA9r4dNZB1wwcmrD02QkV5H0y7XBQW8QwQqEaZY1pM9aqORSORhJRdNK44Q==",
      "dependencies": [
        "js-yaml@3.14.2",
        "kind-of",
        "section-matter",
        "strip-bom-string"
      ]
    },
    "has-symbols@1.1.0": {
      "integrity": "sha512-1cDNdwJ2Jaohmb3sg4OmKaMBwuC48sYni5HUw2DvsC8LjGTLK9h+eb1X6RyuOHe4hT0ULCW68iomhjUoKUqlPQ=="
    },
    "hasown@2.0.2": {
      "integrity": "sha512-0hJU9SCPvmMzIBdZFqNPXWa6dqh7WdH0cII9y+CyS8rG3nL48Bclra9HmKhVVUHyPWNH5Y7xDwAB7bfgSjkUMQ==",
      "dependencies": [
        "function-bind"
      ]
    },
    "is-extendable@0.1.1": {
      "integrity": "sha512-5BMULNob1vgFX6EjQw5izWDxrecWK9AM72rugNr0TFldMOi0fj6Jk+zeKIt0xGj4cEfQIJth4w3OKWOJ4f+AFw=="
    },
    "js-yaml@3.14.2": {
      "integrity": "sha512-PMSmkqxr106Xa156c2M265Z+FTrPl+oxd/rgOQy2tijQeK5TxQ43psO1ZCwhVOSdnn+RzkzlRz/eY4BgJBYVpg==",
      "dependencies": [
        "argparse@1.0.10",
        "esprima"
      ],
      "bin": true
    },
    "js-yaml@4.1.1": {
      "integrity": "sha512-qQKT4zQxXl8lLwBtHMWwaTcGfFOZviOJet3Oy/xmGk2gZH677CJM9EvtfdSkgWcATZhj/55JZ0rmy3myCT5lsA==",
      "dependencies": [
        "argparse@2.0.1"
      ],
      "bin": true
    },
    "json-schema-traverse@1.0.0": {
      "integrity": "sha512-NM8/P9n3XjXhIZn1lLhkFaACTOURQXjWhV4BA/RnOv8xvgqtqpAX9IO4mRQxSx1Rlo4tqzeqb0sOlruaOy3dug=="
    },
    "kind-of@6.0.3": {
      "integrity": "sha512-dcS1ul+9tmeD95T+x28/ehLgd9mENa3LsvDTtzm3vyBEO7RPptvAD+t44WVXaUjTBRcrpFeFlC8WCruUR456hw=="
    },
    "lodash.merge@4.6.2": {
      "integrity": "sha512-0KpjqXRVvrYyCsX1swR/XTK0va6VQkQM6MNo7PqW77ByjAhoARA8EfrP1N4+KlKj8YS0ZUCtRT/YUuhyYDujIQ=="
    },
    "lodash@4.17.23": {
      "integrity": "sha512-LgVTMpQtIopCi79SJeDiP0TfWi5CNEc/L/aRdTh3yIvmZXTnheWpKjSZhnvMl8iXbC1tFg9gdHHDMLoV7CnG+w=="
    },
    "lru-cache@10.4.3": {
      "integrity": "sha512-JNAzZcXrCt42VGLuYz0zfAzDfAvJWW6AfYlDBQyDV5DClI2m5sAmK+OIO7s59XfsRsWHp02jAJrRadPRGTt6SQ=="
    },
    "math-intrinsics@1.1.0": {
      "integrity": "sha512-/IXtbwEk5HTPyEwyKX6hGkYXxM9nbj64B+ilVJnC/R6B0pH5G4V3b0pVbL7DBj4tkhBAppbQUlf6F6Xl9LHu1g=="
    },
    "mock-json-schema@1.1.2": {
      "integrity": "sha512-3IyduYlhfzPy+nFN8wxUjloUi1hM7l8lN5LITuauUNMQltynJIOfLf/DADwTAp2d6kvSBtWojly1EuxX5B0WkA==",
      "dependencies": [
        "lodash"
      ]
    },
    "object-inspect@1.13.4": {
      "integrity": "sha512-W67iLl4J2EXEGTbfeHCffrjDfitvLANg0UlX3wFUUSTx92KXRFegMHUVgSqE+wvhAbi4WqjGg9czysTV2Epbew=="
    },
    "openapi-backend@5.16.1": {
      "integrity": "sha512-1tfLpC+7CajKv08vuFOLm4t8rJvJyqKuyau5IIIrGg3YuQYhmP7JqDL6p6WnbDCusmh3krCrKXoHB6hLF/iHcQ==",
      "dependencies": [
        "@apidevtools/json-schema-ref-parser",
        "ajv",
        "bath-es5",
        "cookie",
        "dereference-json-schema",
        "lodash",
        "mock-json-schema",
        "openapi-schema-validator",
        "openapi-types",
        "qs"
      ]
    },
    "openapi-schema-validator@12.1.3": {
      "integrity": "sha512-xTHOmxU/VQGUgo7Cm0jhwbklOKobXby+/237EG967+3TQEYJztMgX9Q5UE2taZKwyKPUq0j11dngpGjUuxz1hQ==",
      "dependencies": [
        "ajv",
        "ajv-formats",
        "lodash.merge",
        "openapi-types"
      ]
    },
    "openapi-types@12.1.3": {
      "integrity": "sha512-N4YtSYJqghVu4iek2ZUvcN/0aqH1kRDuNqzcycDxhOUpg7GdvLa2F3DgS6yBNhInhv2r/6I0Flkn7CqL8+nIcw=="
    },
    "pluralize@8.0.0": {
      "integrity": "sha512-Nc3IT5yHzflTfbjgqWcCPpo7DaKy4FnpB0l/zCAW0Tc7jxAiuqSxHasntB3D7887LSrA93kDJ9IXovxJYxyLCA=="
    },
    "qs@6.15.0": {
      "integrity": "sha512-mAZTtNCeetKMH+pSjrb76NAM8V9a05I9aBZOHztWy/UqcJdQYNsf59vrRKWnojAT9Y+GbIvoTBC++CPHqpDBhQ==",
      "dependencies": [
        "side-channel"
      ]
    },
    "require-from-string@2.0.2": {
      "integrity": "sha512-Xf0nWe6RseziFMu+Ap9biiUbmplq6S9/p+7w7YXP/JBHhrUDDUhwa+vANyubuqfZWTveU//DYVGsDG7RKL/vEw=="
    },
    "section-matter@1.0.0": {
      "integrity": "sha512-vfD3pmTzGpufjScBh50YHKzEu2lxBWhVEHsNGoEXmCmn2hKGfeNLYMzCJpe8cD7gqX7TJluOVpBkAequ6dgMmA==",
      "dependencies": [
        "extend-shallow",
        "kind-of"
      ]
    },
    "side-channel-list@1.0.0": {
      "integrity": "sha512-FCLHtRD/gnpCiCHEiJLOwdmFP+wzCmDEkc9y7NsYxeF4u7Btsn1ZuwgwJGxImImHicJArLP4R0yX4c2KCrMrTA==",
      "dependencies": [
        "es-errors",
        "object-inspect"
      ]
    },
    "side-channel-map@1.0.1": {
      "integrity": "sha512-VCjCNfgMsby3tTdo02nbjtM/ewra6jPHmpThenkTYh8pG9ucZ/1P8So4u4FGBek/BjpOVsDCMoLA/iuBKIFXRA==",
      "dependencies": [
        "call-bound",
        "es-errors",
        "get-intrinsic",
        "object-inspect"
      ]
    },
    "side-channel-weakmap@1.0.2": {
      "integrity": "sha512-WPS/HvHQTYnHisLo9McqBHOJk2FkHO/tlpvldyrnem4aeQp4hai3gythswg6p01oSoTl58rcpiFAjF2br2Ak2A==",
      "dependencies": [
        "call-bound",
        "es-errors",
        "get-intrinsic",
        "object-inspect",
        "side-channel-map"
      ]
    },
    "side-channel@1.1.0": {
      "integrity": "sha512-ZX99e6tRweoUXqR+VBrslhda51Nh5MTQwou5tnUDgbtyM0dBgmhEDtWGP/xbKn6hqfPRHujUNwz5fy/wbbhnpw==",
      "dependencies": [
        "es-errors",
        "object-inspect",
        "side-channel-list",
        "side-channel-map",
        "side-channel-weakmap"
      ]
    },
    "sprintf-js@1.0.3": {
      "integrity": "sha512-D9cPgkvLlV3t3IzL0D0YLvGA9Ahk4PcvVwUbN0dSGr1aP0Nrt4AEnTUbuGvquEC0mA64Gqt1fzirlRs5ibXx8g=="
    },
    "strip-bom-string@1.0.0": {
      "integrity": "sha512-uCC2VHvQRYu+lMh4My/sFNmF2klFymLX1wHJeXnbEJERpV/ZsVuonzerjfrGpIGF7LBVa1O7i9kjiWvJiFck8g=="
    },
    "swagger-ui-dist@5.32.1": {
      "integrity": "sha512-6HQoo7+j8PA2QqP5kgAb9dl1uxUjvR0SAoL/WUp1sTEvm0F6D5npgU2OGCLwl++bIInqGlEUQ2mpuZRZYtyCzQ==",
      "dependencies": [
        "@scarf/scarf"
      ]
    },
    "tslib@2.8.1": {
      "integrity": "sha512-oJFu94HQb+KVduSUQL7wnpmqnfmLsOA/nAh6b6EH0wCEoK0/mPeXU6c3wKDV83MkOuHPRHtSXKKU99IBazS/2w=="
    },
    "urlpattern-polyfill@10.1.0": {
      "integrity": "sha512-IGjKp/o0NL3Bso1PymYURCJxMPNAf/ILOpendP9f5B6e1rTJgdgiOvgfoT8VxCAdY+Wisb9uhGaJJf3yZ2V9nw=="
    }
  },
  "workspace": {
    "members": {
      "packages/delivery": {
        "dependencies": [
          "jsr:@std/collections@^1.1.6"
        ]
      },
      "packages/fields/asset": {
        "dependencies": [
          "jsr:@std/path@^1.1.4"
        ]
      },
      "packages/fields/path_reference": {
        "dependencies": [
          "jsr:@std/path@^1.1.4"
        ]
      },
      "packages/formatters/frontmatter": {
        "dependencies": [
          "npm:gray-matter@^4.0.3"
        ]
      },
      "packages/formatters/yaml": {
        "dependencies": [
          "jsr:@std/yaml@^1.0.12"
        ]
      },
      "packages/indexer": {
        "dependencies": [
          "jsr:@std/collections@^1.1.6",
          "jsr:@std/path@^1.1.4"
        ]
      },
      "packages/indexes/fs": {
        "dependencies": [
          "jsr:@std/fs@^1.0.23",
          "jsr:@std/path@^1.1.4"
        ]
      },
      "packages/protocols/graphql": {
        "dependencies": [
          "jsr:@std/collections@^1.1.6",
          "jsr:@std/text@^1.0.17",
          "npm:@graphql-tools/utils@11",
          "npm:graphql-relay@~0.10.2",
          "npm:graphql-scalars@^1.25.0",
          "npm:graphql-yoga@^5.18.0",
          "npm:graphql@^16.13.0"
        ]
      },
      "packages/protocols/rest": {
        "dependencies": [
          "jsr:@std/path@^1.1.4",
          "npm:@types/pluralize@^0.0.33",
          "npm:@types/swagger-ui-dist@^3.30.6",
          "npm:openapi-backend@^5.16.1",
          "npm:openapi-types@^12.1.3",
          "npm:pluralize@8",
          "npm:swagger-ui-dist@^5.32.1"
        ]
      },
      "packages/storages/fs": {
        "dependencies": [
          "jsr:@std/fs@^1.0.23",
          "jsr:@std/media-types@^1.1.0",
          "jsr:@std/path@^1.1.4",
          "jsr:@std/streams@^1.0.17"
        ]
      }
    }
  }
}
